
Microsoft Visual Studio Solution File, Format Version 12.00
# Visual Studio 2012
Project("{FAE04EC0-301F-11D3-BF4B-00C04F79EFBC}") = "OrderTracker.Web", "OrderTracker.Web\OrderTracker.Web.csproj", "{8C664119-F9C2-45A5-85C8-CF49BD8ECDDF}"
EndProject
Global
	GlobalSection(SolutionConfigurationPlatforms) = preSolution
		Debug|Any CPU = Debug|Any CPU
		Release|Any CPU = Release|Any CPU
	EndGlobalSection
	GlobalSection(ProjectConfigurationPlatforms) = postSolution
		{8C664119-F9C2-45A5-85C8-CF49BD8ECDDF}.Debug|Any CPU.ActiveCfg = Debug|Any CPU
		{8C664119-F9C2-45A5-85C8-CF49BD8ECDDF}.Debug|Any CPU.Build.0 = Debug|Any CPU
		{8C664119-F9C2-45A5-85C8-CF49BD8ECDDF}.Release|Any CPU.ActiveCfg = Release|Any CPU
		{8C664119-F9C2-45A5-85C8-CF49BD8ECDDF}.Release|Any CPU.Build.0 = Release|Any CPU
	EndGlobalSection
	GlobalSection(SolutionProperties) = preSolution
		HideSolutionNode = FALSE
	EndGlobalSection
EndGlobal
